
Microsoft Visual Studio Solution File, Format Version 12.00
# Visual Studio Version 17
VisualStudioVersion = 17.9.34728.123
MinimumVisualStudioVersion = 10.0.40219.1
Project("{9A19103F-16F7-4668-BE54-9A1E7A4F7556}") = "MeowZone", "MeowZone\MeowZone.csproj", "{C282B4E7-BEA9-4A04-A57F-AC0B5650C0EB}"
EndProject
Project("{FAE04EC0-301F-11D3-BF4B-00C04F79EFBC}") = "Services", "Services\Services.csproj", "{BAAA250D-4732-4DC0-AE63-DFD17CEC69AB}"
EndProject
Project("{FAE04EC0-301F-11D3-BF4B-00C04F79EFBC}") = "ServicesContracts", "ServicesContracts\ServicesContracts.csproj", "{25ADC31A-ADCD-4CE6-A7D4-AD2C54C66782}"
EndProject
Global
	GlobalSection(SolutionConfigurationPlatforms) = preSolution
		Debug|Any CPU = Debug|Any CPU
		Release|Any CPU = Release|Any CPU
	EndGlobalSection
	GlobalSection(ProjectConfigurationPlatforms) = postSolution
		{C282B4E7-BEA9-4A04-A57F-AC0B5650C0EB}.Debug|Any CPU.ActiveCfg = Debug|Any CPU
		{C282B4E7-BEA9-4A04-A57F-AC0B5650C0EB}.Debug|Any CPU.Build.0 = Debug|Any CPU
		{C282B4E7-BEA9-4A04-A57F-AC0B5650C0EB}.Release|Any CPU.ActiveCfg = Release|Any CPU
		{C282B4E7-BEA9-4A04-A57F-AC0B5650C0EB}.Release|Any CPU.Build.0 = Release|Any CPU
		{BAAA250D-4732-4DC0-AE63-DFD17CEC69AB}.Debug|Any CPU.ActiveCfg = Debug|Any CPU
		{BAAA250D-4732-4DC0-AE63-DFD17CEC69AB}.Debug|Any CPU.Build.0 = Debug|Any CPU
		{BAAA250D-4732-4DC0-AE63-DFD17CEC69AB}.Release|Any CPU.ActiveCfg = Release|Any CPU
		{BAAA250D-4732-4DC0-AE63-DFD17CEC69AB}.Release|Any CPU.Build.0 = Release|Any CPU
		{25ADC31A-ADCD-4CE6-A7D4-AD2C54C66782}.Debug|Any CPU.ActiveCfg = Debug|Any CPU
		{25ADC31A-ADCD-4CE6-A7D4-AD2C54C66782}.Debug|Any CPU.Build.0 = Debug|Any CPU
		{25ADC31A-ADCD-4CE6-A7D4-AD2C54C66782}.Release|Any CPU.ActiveCfg = Release|Any CPU
		{25ADC31A-ADCD-4CE6-A7D4-AD2C54C66782}.Release|Any CPU.Build.0 = Release|Any CPU
	EndGlobalSection
	GlobalSection(SolutionProperties) = preSolution
		HideSolutionNode = FALSE
	EndGlobalSection
	GlobalSection(ExtensibilityGlobals) = postSolution
		SolutionGuid = {7095F18B-1DB6-40D2-B5CB-5D708CD59B0F}
	EndGlobalSection
EndGlobal
